// !$*UTF8*$!
{
	archiveVersion = 1;
	classes = {
	};
	objectVersion = 50;
	objects = {

/* Begin PBXBuildFile section */
		A7D84C1E23641F8A00F6111C /* AppDelegate.swift in Sources */ = {isa = PBXBuildFile; fileRef = A7D84C1D23641F8A00F6111C /* AppDelegate.swift */; };
		A7D84C2023641F8A00F6111C /* SceneDelegate.swift in Sources */ = {isa = PBXBuildFile; fileRef = A7D84C1F23641F8A00F6111C /* SceneDelegate.swift */; };
		A7D84C2223641F8A00F6111C /* ViewController.swift in Sources */ = {isa = PBXBuildFile; fileRef = A7D84C2123641F8A00F6111C /* ViewController.swift */; };
		A7D84C2523641F8A00F6111C /* Main.storyboard in Resources */ = {isa = PBXBuildFile; fileRef = A7D84C2323641F8A00F6111C /* Main.storyboard */; };
		A7D84C2723641F8D00F6111C /* Assets.xcassets in Resources */ = {isa = PBXBuildFile; fileRef = A7D84C2623641F8D00F6111C /* Assets.xcassets */; };
		A7D84C2A23641F8D00F6111C /* LaunchScreen.storyboard in Resources */ = {isa = PBXBuildFile; fileRef = A7D84C2823641F8D00F6111C /* LaunchScreen.storyboard */; };
		A7D84C3523641F8E00F6111C /* WeatherAppTestTests.swift in Sources */ = {isa = PBXBuildFile; fileRef = A7D84C3423641F8E00F6111C /* WeatherAppTestTests.swift */; };
		A7D84C4023641F8E00F6111C /* WeatherAppTestUITests.swift in Sources */ = {isa = PBXBuildFile; fileRef = A7D84C3F23641F8E00F6111C /* WeatherAppTestUITests.swift */; };
/* End PBXBuildFile section */

/* Begin PBXContainerItemProxy section */
		A7D84C3123641F8E00F6111C /* PBXContainerItemProxy */ = {
			isa = PBXContainerItemProxy;
			containerPortal = A7D84C1223641F8A00F6111C /* Project object */;
			proxyType = 1;
			remoteGlobalIDString = A7D84C1923641F8A00F6111C;
			remoteInfo = WeatherAppTest;
		};
		A7D84C3C23641F8E00F6111C /* PBXContainerItemProxy */ = {
			isa = PBXContainerItemProxy;
			containerPortal = A7D84C1223641F8A00F6111C /* Project object */;
			proxyType = 1;
			remoteGlobalIDString = A7D84C1923641F8A00F6111C;
			remoteInfo = WeatherAppTest;
		};
/* End PBXContainerItemProxy section */

/* Begin PBXFileReference section */
		A7D84C1A23641F8A00F6111C /* WeatherAppTest.app */ = {isa = PBXFileReference; explicitFileType = wrapper.application; includeInIndex = 0; path = WeatherAppTest.app; sourceTree = BUILT_PRODUCTS_DIR; };
		A7D84C1D23641F8A00F6111C /* AppDelegate.swift */ = {isa = PBXFileReference; lastKnownFileType = sourcecode.swift; path = AppDelegate.swift; sourceTree = "<group>"; };
		A7D84C1F23641F8A00F6111C /* SceneDelegate.swift */ = {isa = PBXFileReference; lastKnownFileType = sourcecode.swift; path = SceneDelegate.swift; sourceTree = "<group>"; };
		A7D84C2123641F8A00F6111C /* ViewController.swift */ = {isa = PBXFileReference; lastKnownFileType = sourcecode.swift; path = ViewController.swift; sourceTree = "<group>"; };
		A7D84C2423641F8A00F6111C /* Base */ = {isa = PBXFileReference; lastKnownFileType = file.storyboard; name = Base; path = Base.lproj/Main.storyboard; sourceTree = "<group>"; };
		A7D84C2623641F8D00F6111C /* Assets.xcassets */ = {isa = PBXFileReference; lastKnownFileType = folder.assetcatalog; path = Assets.xcassets; sourceTree = "<group>"; };
		A7D84C2923641F8D00F6111C /* Base */ = {isa = PBXFileReference; lastKnownFileType = file.storyboard; name = Base; path = Base.lproj/LaunchScreen.storyboard; sourceTree = "<group>"; };
		A7D84C2B23641F8D00F6111C /* Info.plist */ = {isa = PBXFileReference; lastKnownFileType = text.plist.xml; path = Info.plist; sourceTree = "<group>"; };
		A7D84C3023641F8E00F6111C /* WeatherAppTestTests.xctest */ = {isa = PBXFileReference; explicitFileType = wrapper.cfbundle; includeInIndex = 0; path = WeatherAppTestTests.xctest; sourceTree = BUILT_PRODUCTS_DIR; };
		A7D84C3423641F8E00F6111C /* WeatherAppTestTests.swift */ = {isa = PBXFileReference; lastKnownFileType = sourcecode.swift; path = WeatherAppTestTests.swift; sourceTree = "<group>"; };
		A7D84C3623641F8E00F6111C /* Info.plist */ = {isa = PBXFileReference; lastKnownFileType = text.plist.xml; path = Info.plist; sourceTree = "<group>"; };
		A7D84C3B23641F8E00F6111C /* WeatherAppTestUITests.xctest */ = {isa = PBXFileReference; explicitFileType = wrapper.cfbundle; includeInIndex = 0; path = WeatherAppTestUITests.xctest; sourceTree = BUILT_PRODUCTS_DIR; };
		A7D84C3F23641F8E00F6111C /* WeatherAppTestUITests.swift */ = {isa = PBXFileReference; lastKnownFileType = sourcecode.swift; path = WeatherAppTestUITests.swift; sourceTree = "<group>"; };
		A7D84C4123641F8E00F6111C /* Info.plist */ = {isa = PBXFileReference; lastKnownFileType = text.plist.xml; path = Info.plist; sourceTree = "<group>"; };
/* End PBXFileReference section */

/* Begin PBXFrameworksBuildPhase section */
		A7D84C1723641F8A00F6111C /* Frameworks */ = {
			isa = PBXFrameworksBuildPhase;
			buildActionMask = 2147483647;
			files = (
			);
			runOnlyForDeploymentPostprocessing = 0;
		};
		A7D84C2D23641F8E00F6111C /* Frameworks */ = {
			isa = PBXFrameworksBuildPhase;
			buildActionMask = 2147483647;
			files = (
			);
			runOnlyForDeploymentPostprocessing = 0;
		};
		A7D84C3823641F8E00F6111C /* Frameworks */ = {
			isa = PBXFrameworksBuildPhase;
			buildActionMask = 2147483647;
			files = (
			);
			runOnlyForDeploymentPostprocessing = 0;
		};
/* End PBXFrameworksBuildPhase section */

/* Begin PBXGroup section */
		A7D84C1123641F8A00F6111C = {
			isa = PBXGroup;
			children = (
				A7D84C1C23641F8A00F6111C /* WeatherAppTest */,
				A7D84C3323641F8E00F6111C /* WeatherAppTestTests */,
				A7D84C3E23641F8E00F6111C /* WeatherAppTestUITests */,
				A7D84C1B23641F8A00F6111C /* Products */,
			);
			sourceTree = "<group>";
		};
		A7D84C1B23641F8A00F6111C /* Products */ = {
			isa = PBXGroup;
			children = (
				A7D84C1A23641F8A00F6111C /* WeatherAppTest.app */,
				A7D84C3023641F8E00F6111C /* WeatherAppTestTests.xctest */,
				A7D84C3B23641F8E00F6111C /* WeatherAppTestUITests.xctest */,
			);
			name = Products;
			sourceTree = "<group>";
		};
		A7D84C1C23641F8A00F6111C /* WeatherAppTest */ = {
			isa = PBXGroup;
			children = (
				A7D84C1D23641F8A00F6111C /* AppDelegate.swift */,
				A7D84C1F23641F8A00F6111C /* SceneDelegate.swift */,
				A7D84C2123641F8A00F6111C /* ViewController.swift */,
				A7D84C2323641F8A00F6111C /* Main.storyboard */,
				A7D84C2623641F8D00F6111C /* Assets.xcassets */,
				A7D84C2823641F8D00F6111C /* LaunchScreen.storyboard */,
				A7D84C2B23641F8D00F6111C /* Info.plist */,
			);
			path = WeatherAppTest;
			sourceTree = "<group>";
		};
		A7D84C3323641F8E00F6111C /* WeatherAppTestTests */ = {
			isa = PBXGroup;
			children = (
				A7D84C3423641F8E00F6111C /* WeatherAppTestTests.swift */,
				A7D84C3623641F8E00F6111C /* Info.plist */,
			);
			path = WeatherAppTestTests;
			sourceTree = "<group>";
		};
		A7D84C3E23641F8E00F6111C /* WeatherAppTestUITests */ = {
			isa = PBXGroup;
			children = (
				A7D84C3F23641F8E00F6111C /* WeatherAppTestUITests.swift */,
				A7D84C4123641F8E00F6111C /* Info.plist */,
			);
			path = WeatherAppTestUITests;
			sourceTree = "<group>";
		};
/* End PBXGroup section */

/* Begin PBXNativeTarget section */
		A7D84C1923641F8A00F6111C /* WeatherAppTest */ = {
			isa = PBXNativeTarget;
			buildConfigurationList = A7D84C4423641F8E00F6111C /* Build configuration list for PBXNativeTarget "WeatherAppTest" */;
			buildPhases = (
				A7D84C1623641F8A00F6111C /* Sources */,
				A7D84C1723641F8A00F6111C /* Frameworks */,
				A7D84C1823641F8A00F6111C /* Resources */,
			);
			buildRules = (
			);
			dependencies = (
			);
			name = WeatherAppTest;
			productName = WeatherAppTest;
			productReference = A7D84C1A23641F8A00F6111C /* WeatherAppTest.app */;
			productType = "com.apple.product-type.application";
		};
		A7D84C2F23641F8E00F6111C /* WeatherAppTestTests */ = {
			isa = PBXNativeTarget;
			buildConfigurationList = A7D84C4723641F8E00F6111C /* Build configuration list for PBXNativeTarget "WeatherAppTestTests" */;
			buildPhases = (
				A7D84C2C23641F8E00F6111C /* Sources */,
				A7D84C2D23641F8E00F6111C /* Frameworks */,
				A7D84C2E23641F8E00F6111C /* Resources */,
			);
			buildRules = (
			);
			dependencies = (
				A7D84C3223641F8E00F6111C /* PBXTargetDependency */,
			);
			name = WeatherAppTestTests;
			productName = WeatherAppTestTests;
			productReference = A7D84C3023641F8E00F6111C /* WeatherAppTestTests.xctest */;
			productType = "com.apple.product-type.bundle.unit-test";
		};
		A7D84C3A23641F8E00F6111C /* WeatherAppTestUITests */ = {
			isa = PBXNativeTarget;
			buildConfigurationList = A7D84C4A23641F8E00F6111C /* Build configuration list for PBXNativeTarget "WeatherAppTestUITests" */;
			buildPhases = (
				A7D84C3723641F8E00F6111C /* Sources */,
				A7D84C3823641F8E00F6111C /* Frameworks */,
				A7D84C3923641F8E00F6111C /* Resources */,
			);
			buildRules = (
			);
			dependencies = (
				A7D84C3D23641F8E00F6111C /* PBXTargetDependency */,
			);
			name = WeatherAppTestUITests;
			productName = WeatherAppTestUITests;
			productReference = A7D84C3B23641F8E00F6111C /* WeatherAppTestUITests.xctest */;
			productType = "com.apple.product-type.bundle.ui-testing";
		};
/* End PBXNativeTarget section */

/* Begin PBXProject section */
		A7D84C1223641F8A00F6111C /* Project object */ = {
			isa = PBXProject;
			attributes = {
				LastSwiftUpdateCheck = 1100;
				LastUpgradeCheck = 1100;
				ORGANIZATIONNAME = "Nicolas Lorrain";
				TargetAttributes = {
					A7D84C1923641F8A00F6111C = {
						CreatedOnToolsVersion = 11.0;
					};
					A7D84C2F23641F8E00F6111C = {
						CreatedOnToolsVersion = 11.0;
						TestTargetID = A7D84C1923641F8A00F6111C;
					};
					A7D84C3A23641F8E00F6111C = {
						CreatedOnToolsVersion = 11.0;
						TestTargetID = A7D84C1923641F8A00F6111C;
					};
				};
			};
			buildConfigurationList = A7D84C1523641F8A00F6111C /* Build configuration list for PBXProject "WeatherAppTest" */;
			compatibilityVersion = "Xcode 9.3";
			developmentRegion = en;
			hasScannedForEncodings = 0;
			knownRegions = (
				en,
				Base,
			);
			mainGroup = A7D84C1123641F8A00F6111C;
			productRefGroup = A7D84C1B23641F8A00F6111C /* Products */;
			projectDirPath = "";
			projectRoot = "";
			targets = (
				A7D84C1923641F8A00F6111C /* WeatherAppTest */,
				A7D84C2F23641F8E00F6111C /* WeatherAppTestTests */,
				A7D84C3A23641F8E00F6111C /* WeatherAppTestUITests */,
			);
		};
/* End PBXProject section */

/* Begin PBXResourcesBuildPhase section */
		A7D84C1823641F8A00F6111C /* Resources */ = {
			isa = PBXResourcesBuildPhase;
			buildActionMask = 2147483647;
			files = (
				A7D84C2A23641F8D00F6111C /* LaunchScreen.storyboard in Resources */,
				A7D84C2723641F8D00F6111C /* Assets.xcassets in Resources */,
				A7D84C2523641F8A00F6111C /* Main.storyboard in Resources */,
			);
			runOnlyForDeploymentPostprocessing = 0;
		};
		A7D84C2E23641F8E00F6111C /* Resources */ = {
			isa = PBXResourcesBuildPhase;
			buildActionMask = 2147483647;
			files = (
			);
			runOnlyForDeploymentPostprocessing = 0;
		};
		A7D84C3923641F8E00F6111C /* Resources */ = {
			isa = PBXResourcesBuildPhase;
			buildActionMask = 2147483647;
			files = (
			);
			runOnlyForDeploymentPostprocessing = 0;
		};
/* End PBXResourcesBuildPhase section */

/* Begin PBXSourcesBuildPhase section */
		A7D84C1623641F8A00F6111C /* Sources */ = {
			isa = PBXSourcesBuildPhase;
			buildActionMask = 2147483647;
			files = (
				A7D84C2223641F8A00F6111C /* ViewController.swift in Sources */,
				A7D84C1E23641F8A00F6111C /* AppDelegate.swift in Sources */,
				A7D84C2023641F8A00F6111C /* SceneDelegate.swift in Sources */,
			);
			runOnlyForDeploymentPostprocessing = 0;
		};
		A7D84C2C23641F8E00F6111C /* Sources */ = {
			isa = PBXSourcesBuildPhase;
			buildActionMask = 2147483647;
			files = (
				A7D84C3523641F8E00F6111C /* WeatherAppTestTests.swift in Sources */,
			);
			runOnlyForDeploymentPostprocessing = 0;
		};
		A7D84C3723641F8E00F6111C /* Sources */ = {
			isa = PBXSourcesBuildPhase;
			buildActionMask = 2147483647;
			files = (
				A7D84C4023641F8E00F6111C /* WeatherAppTestUITests.swift in Sources */,
			);
			runOnlyForDeploymentPostprocessing = 0;
		};
/* End PBXSourcesBuildPhase section */

/* Begin PBXTargetDependency section */
		A7D84C3223641F8E00F6111C /* PBXTargetDependency */ = {
			isa = PBXTargetDependency;
			target = A7D84C1923641F8A00F6111C /* WeatherAppTest */;
			targetProxy = A7D84C3123641F8E00F6111C /* PBXContainerItemProxy */;
		};
		A7D84C3D23641F8E00F6111C /* PBXTargetDependency */ = {
			isa = PBXTargetDependency;
			target = A7D84C1923641F8A00F6111C /* WeatherAppTest */;
			targetProxy = A7D84C3C23641F8E00F6111C /* PBXContainerItemProxy */;
		};
/* End PBXTargetDependency section */

/* Begin PBXVariantGroup section */
		A7D84C2323641F8A00F6111C /* Main.storyboard */ = {
			isa = PBXVariantGroup;
			children = (
				A7D84C2423641F8A00F6111C /* Base */,
			);
			name = Main.storyboard;
			sourceTree = "<group>";
		};
		A7D84C2823641F8D00F6111C /* LaunchScreen.storyboard */ = {
			isa = PBXVariantGroup;
			children = (
				A7D84C2923641F8D00F6111C /* Base */,
			);
			name = LaunchScreen.storyboard;
			sourceTree = "<group>";
		};
/* End PBXVariantGroup section */

/* Begin XCBuildConfiguration section */
		A7D84C4223641F8E00F6111C /* Debug */ = {
			isa = XCBuildConfiguration;
			buildSettings = {
				ALWAYS_SEARCH_USER_PATHS = NO;
				CLANG_ANALYZER_NONNULL = YES;
				CLANG_ANALYZER_NUMBER_OBJECT_CONVERSION = YES_AGGRESSIVE;
				CLANG_CXX_LANGUAGE_STANDARD = "gnu++14";
				CLANG_CXX_LIBRARY = "libc++";
				CLANG_ENABLE_MODULES = YES;
				CLANG_ENABLE_OBJC_ARC = YES;
				CLANG_ENABLE_OBJC_WEAK = YES;
				CLANG_WARN_BLOCK_CAPTURE_AUTORELEASING = YES;
				CLANG_WARN_BOOL_CONVERSION = YES;
				CLANG_WARN_COMMA = YES;
				CLANG_WARN_CONSTANT_CONVERSION = YES;
				CLANG_WARN_DEPRECATED_OBJC_IMPLEMENTATIONS = YES;
				CLANG_WARN_DIRECT_OBJC_ISA_USAGE = YES_ERROR;
				CLANG_WARN_DOCUMENTATION_COMMENTS = YES;
				CLANG_WARN_EMPTY_BODY = YES;
				CLANG_WARN_ENUM_CONVERSION = YES;
				CLANG_WARN_INFINITE_RECURSION = YES;
				CLANG_WARN_INT_CONVERSION = YES;
				CLANG_WARN_NON_LITERAL_NULL_CONVERSION = YES;
				CLANG_WARN_OBJC_IMPLICIT_RETAIN_SELF = YES;
				CLANG_WARN_OBJC_LITERAL_CONVERSION = YES;
				CLANG_WARN_OBJC_ROOT_CLASS = YES_ERROR;
				CLANG_WARN_RANGE_LOOP_ANALYSIS = YES;
				CLANG_WARN_STRICT_PROTOTYPES = YES;
				CLANG_WARN_SUSPICIOUS_MOVE = YES;
				CLANG_WARN_UNGUARDED_AVAILABILITY = YES_AGGRESSIVE;
				CLANG_WARN_UNREACHABLE_CODE = YES;
				CLANG_WARN__DUPLICATE_METHOD_MATCH = YES;
				COPY_PHASE_STRIP = NO;
				DEBUG_INFORMATION_FORMAT = dwarf;
				ENABLE_STRICT_OBJC_MSGSEND = YES;
				ENABLE_TESTABILITY = YES;
				GCC_C_LANGUAGE_STANDARD = gnu11;
				GCC_DYNAMIC_NO_PIC = NO;
				GCC_NO_COMMON_BLOCKS = YES;
				GCC_OPTIMIZATION_LEVEL = 0;
				GCC_PREPROCESSOR_DEFINITIONS = (
					"DEBUG=1",
					"$(inherited)",
				);
				GCC_WARN_64_TO_32_BIT_CONVERSION = YES;
				GCC_WARN_ABOUT_RETURN_TYPE = YES_ERROR;
				GCC_WARN_UNDECLARED_SELECTOR = YES;
				GCC_WARN_UNINITIALIZED_AUTOS = YES_AGGRESSIVE;
				GCC_WARN_UNUSED_FUNCTION = YES;
				GCC_WARN_UNUSED_VARIABLE = YES;
				IPHONEOS_DEPLOYMENT_TARGET = 13.0;
				MTL_ENABLE_DEBUG_INFO = INCLUDE_SOURCE;
				MTL_FAST_MATH = YES;
				ONLY_ACTIVE_ARCH = YES;
				SDKROOT = iphoneos;
				SWIFT_ACTIVE_COMPILATION_CONDITIONS = DEBUG;
				SWIFT_OPTIMIZATION_LEVEL = "-Onone";
			};
			name = Debug;
		};
		A7D84C4323641F8E00F6111C /* Release */ = {
			isa = XCBuildConfiguration;
			buildSettings = {
				ALWAYS_SEARCH_USER_PATHS = NO;
				CLANG_ANALYZER_NONNULL = YES;
				CLANG_ANALYZER_NUMBER_OBJECT_CONVERSION = YES_AGGRESSIVE;
				CLANG_CXX_LANGUAGE_STANDARD = "gnu++14";
				CLANG_CXX_LIBRARY = "libc++";
				CLANG_ENABLE_MODULES = YES;
				CLANG_ENABLE_OBJC_ARC = YES;
				CLANG_ENABLE_OBJC_WEAK = YES;
				CLANG_WARN_BLOCK_CAPTURE_AUTORELEASING = YES;
				CLANG_WARN_BOOL_CONVERSION = YES;
				CLANG_WARN_COMMA = YES;
				CLANG_WARN_CONSTANT_CONVERSION = YES;
				CLANG_WARN_DEPRECATED_OBJC_IMPLEMENTATIONS = YES;
				CLANG_WARN_DIRECT_OBJC_ISA_USAGE = YES_ERROR;
				CLANG_WARN_DOCUMENTATION_COMMENTS = YES;
				CLANG_WARN_EMPTY_BODY = YES;
				CLANG_WARN_ENUM_CONVERSION = YES;
				CLANG_WARN_INFINITE_RECURSION = YES;
				CLANG_WARN_INT_CONVERSION = YES;
				CLANG_WARN_NON_LITERAL_NULL_CONVERSION = YES;
				CLANG_WARN_OBJC_IMPLICIT_RETAIN_SELF = YES;
				CLANG_WARN_OBJC_LITERAL_CONVERSION = YES;
				CLANG_WARN_OBJC_ROOT_CLASS = YES_ERROR;
				CLANG_WARN_RANGE_LOOP_ANALYSIS = YES;
				CLANG_WARN_STRICT_PROTOTYPES = YES;
				CLANG_WARN_SUSPICIOUS_MOVE = YES;
				CLANG_WARN_UNGUARDED_AVAILABILITY = YES_AGGRESSIVE;
				CLANG_WARN_UNREACHABLE_CODE = YES;
				CLANG_WARN__DUPLICATE_METHOD_MATCH = YES;
				COPY_PHASE_STRIP = NO;
				DEBUG_INFORMATION_FORMAT = "dwarf-with-dsym";
				ENABLE_NS_ASSERTIONS = NO;
				ENABLE_STRICT_OBJC_MSGSEND = YES;
				GCC_C_LANGUAGE_STANDARD = gnu11;
				GCC_NO_COMMON_BLOCKS = YES;
				GCC_WARN_64_TO_32_BIT_CONVERSION = YES;
				GCC_WARN_ABOUT_RETURN_TYPE = YES_ERROR;
				GCC_WARN_UNDECLARED_SELECTOR = YES;
				GCC_WARN_UNINITIALIZED_AUTOS = YES_AGGRESSIVE;
				GCC_WARN_UNUSED_FUNCTION = YES;
				GCC_WARN_UNUSED_VARIABLE = YES;
				IPHONEOS_DEPLOYMENT_TARGET = 13.0;
				MTL_ENABLE_DEBUG_INFO = NO;
				MTL_FAST_MATH = YES;
				SDKROOT = iphoneos;
				SWIFT_COMPILATION_MODE = wholemodule;
				SWIFT_OPTIMIZATION_LEVEL = "-O";
				VALIDATE_PRODUCT = YES;
			};
			name = Release;
		};
		A7D84C4523641F8E00F6111C /* Debug */ = {
			isa = XCBuildConfiguration;
			buildSettings = {
				ASSETCATALOG_COMPILER_APPICON_NAME = AppIcon;
				CODE_SIGN_STYLE = Automatic;
				DEVELOPMENT_TEAM = CCPX8D5PM8;
				INFOPLIST_FILE = WeatherAppTest/Info.plist;
				LD_RUNPATH_SEARCH_PATHS = (
					"$(inherited)",
					"@executable_path/Frameworks",
				);
				PRODUCT_BUNDLE_IDENTIFIER = yourcom.WeatherAppTest;
				PRODUCT_NAME = "$(TARGET_NAME)";
				SWIFT_VERSION = 5.0;
				TARGETED_DEVICE_FAMILY = "1,2";
			};
			name = Debug;
		};
		A7D84C4623641F8E00F6111C /* Release */ = {
			isa = XCBuildConfiguration;
			buildSettings = {
				ASSETCATALOG_COMPILER_APPICON_NAME = AppIcon;
				CODE_SIGN_STYLE = Automatic;
				DEVELOPMENT_TEAM = CCPX8D5PM8;
				INFOPLIST_FILE = WeatherAppTest/Info.plist;
				LD_RUNPATH_SEARCH_PATHS = (
					"$(inherited)",
					"@executable_path/Frameworks",
				);
				PRODUCT_BUNDLE_IDENTIFIER = yourcom.WeatherAppTest;
				PRODUCT_NAME = "$(TARGET_NAME)";
				SWIFT_VERSION = 5.0;
				TARGETED_DEVICE_FAMILY = "1,2";
			};
			name = Release;
		};
		A7D84C4823641F8E00F6111C /* Debug */ = {
			isa = XCBuildConfiguration;
			buildSettings = {
				ALWAYS_EMBED_SWIFT_STANDARD_LIBRARIES = YES;
				BUNDLE_LOADER = "$(TEST_HOST)";
				CODE_SIGN_STYLE = Automatic;
				DEVELOPMENT_TEAM = CCPX8D5PM8;
				INFOPLIST_FILE = WeatherAppTestTests/Info.plist;
				IPHONEOS_DEPLOYMENT_TARGET = 13.0;
				LD_RUNPATH_SEARCH_PATHS = (
					"$(inherited)",
					"@executable_path/Frameworks",
					"@loader_path/Frameworks",
				);
				PRODUCT_BUNDLE_IDENTIFIER = yourcom.WeatherAppTestTests;
				PRODUCT_NAME = "$(TARGET_NAME)";
				SWIFT_VERSION = 5.0;
				TARGETED_DEVICE_FAMILY = "1,2";
				TEST_HOST = "$(BUILT_PRODUCTS_DIR)/WeatherAppTest.app/WeatherAppTest";
			};
			name = Debug;
		};
		A7D84C4923641F8E00F6111C /* Release */ = {
			isa = XCBuildConfiguration;
			buildSettings = {
				ALWAYS_EMBED_SWIFT_STANDARD_LIBRARIES = YES;
				BUNDLE_LOADER = "$(TEST_HOST)";
				CODE_SIGN_STYLE = Automatic;
				DEVELOPMENT_TEAM = CCPX8D5PM8;
				INFOPLIST_FILE = WeatherAppTestTests/Info.plist;
				IPHONEOS_DEPLOYMENT_TARGET = 13.0;
				LD_RUNPATH_SEARCH_PATHS = (
					"$(inherited)",
					"@executable_path/Frameworks",
					"@loader_path/Frameworks",
				);
				PRODUCT_BUNDLE_IDENTIFIER = yourcom.WeatherAppTestTests;
				PRODUCT_NAME = "$(TARGET_NAME)";
				SWIFT_VERSION = 5.0;
				TARGETED_DEVICE_FAMILY = "1,2";
				TEST_HOST = "$(BUILT_PRODUCTS_DIR)/WeatherAppTest.app/WeatherAppTest";
			};
			name = Release;
		};
		A7D84C4B23641F8E00F6111C /* Debug */ = {
			isa = XCBuildConfiguration;
			buildSettings = {
				ALWAYS_EMBED_SWIFT_STANDARD_LIBRARIES = YES;
				CODE_SIGN_STYLE = Automatic;
				DEVELOPMENT_TEAM = CCPX8D5PM8;
				INFOPLIST_FILE = WeatherAppTestUITests/Info.plist;
				LD_RUNPATH_SEARCH_PATHS = (
					"$(inherited)",
					"@executable_path/Frameworks",
					"@loader_path/Frameworks",
				);
				PRODUCT_BUNDLE_IDENTIFIER = yourcom.WeatherAppTestUITests;
				PRODUCT_NAME = "$(TARGET_NAME)";
				SWIFT_VERSION = 5.0;
				TARGETED_DEVICE_FAMILY = "1,2";
				TEST_TARGET_NAME = WeatherAppTest;
			};
			name = Debug;
		};
		A7D84C4C23641F8E00F6111C /* Release */ = {
			isa = XCBuildConfiguration;
			buildSettings = {
				ALWAYS_EMBED_SWIFT_STANDARD_LIBRARIES = YES;
				CODE_SIGN_STYLE = Automatic;
				DEVELOPMENT_TEAM = CCPX8D5PM8;
				INFOPLIST_FILE = WeatherAppTestUITests/Info.plist;
				LD_RUNPATH_SEARCH_PATHS = (
					"$(inherited)",
					"@executable_path/Frameworks",
					"@loader_path/Frameworks",
				);
				PRODUCT_BUNDLE_IDENTIFIER = yourcom.WeatherAppTestUITests;
				PRODUCT_NAME = "$(TARGET_NAME)";
				SWIFT_VERSION = 5.0;
				TARGETED_DEVICE_FAMILY = "1,2";
				TEST_TARGET_NAME = WeatherAppTest;
			};
			name = Release;
		};
/* End XCBuildConfiguration section */

/* Begin XCConfigurationList section */
		A7D84C1523641F8A00F6111C /* Build configuration list for PBXProject "WeatherAppTest" */ = {
			isa = XCConfigurationList;
			buildConfigurations = (
				A7D84C4223641F8E00F6111C /* Debug */,
				A7D84C4323641F8E00F6111C /* Release */,
			);
			defaultConfigurationIsVisible = 0;
			defaultConfigurationName = Release;
		};
		A7D84C4423641F8E00F6111C /* Build configuration list for PBXNativeTarget "WeatherAppTest" */ = {
			isa = XCConfigurationList;
			buildConfigurations = (
				A7D84C4523641F8E00F6111C /* Debug */,
				A7D84C4623641F8E00F6111C /* Release */,
			);
			defaultConfigurationIsVisible = 0;
			defaultConfigurationName = Release;
		};
		A7D84C4723641F8E00F6111C /* Build configuration list for PBXNativeTarget "WeatherAppTestTests" */ = {
			isa = XCConfigurationList;
			buildConfigurations = (
				A7D84C4823641F8E00F6111C /* Debug */,
				A7D84C4923641F8E00F6111C /* Release */,
			);
			defaultConfigurationIsVisible = 0;
			defaultConfigurationName = Release;
		};
		A7D84C4A23641F8E00F6111C /* Build configuration list for PBXNativeTarget "WeatherAppTestUITests" */ = {
			isa = XCConfigurationList;
			buildConfigurations = (
				A7D84C4B23641F8E00F6111C /* Debug */,
				A7D84C4C23641F8E00F6111C /* Release */,
			);
			defaultConfigurationIsVisible = 0;
			defaultConfigurationName = Release;
		};
/* End XCConfigurationList section */
	};
	rootObject = A7D84C1223641F8A00F6111C /* Project object */;
}
